
Microsoft Visual Studio Solution File, Format Version 12.00
# Visual Studio Version 17
VisualStudioVersion = 17.7.34003.232
MinimumVisualStudioVersion = 10.0.40219.1
Project("{9A19103F-16F7-4668-BE54-9A1E7A4F7556}") = "PizzaBookingAppServer", "PizzaBookingAppServer\PizzaBookingAppServer.csproj", "{098DB7CD-72F1-4F58-B947-194E995BA291}"
EndProject
Project("{9A19103F-16F7-4668-BE54-9A1E7A4F7556}") = "PizzaBookingViewModel", "PizzaBookingViewModel\PizzaBookingViewModel.csproj", "{633C0650-AA46-40C6-ABEC-8C15CD3F15DD}"
EndProject
Project("{9A19103F-16F7-4668-BE54-9A1E7A4F7556}") = "PizzaBookingAppClient", "PizzaBookingAppClient\PizzaBookingAppClient.csproj", "{8C8A806E-94A4-45D8-B5F9-430FCD3C15E2}"
EndProject
Global
	GlobalSection(SolutionConfigurationPlatforms) = preSolution
		Debug|Any CPU = Debug|Any CPU
		Release|Any CPU = Release|Any CPU
	EndGlobalSection
	GlobalSection(ProjectConfigurationPlatforms) = postSolution
		{098DB7CD-72F1-4F58-B947-194E995BA291}.Debug|Any CPU.ActiveCfg = Debug|Any CPU
		{098DB7CD-72F1-4F58-B947-194E995BA291}.Debug|Any CPU.Build.0 = Debug|Any CPU
		{098DB7CD-72F1-4F58-B947-194E995BA291}.Release|Any CPU.ActiveCfg = Release|Any CPU
		{098DB7CD-72F1-4F58-B947-194E995BA291}.Release|Any CPU.Build.0 = Release|Any CPU
		{633C0650-AA46-40C6-ABEC-8C15CD3F15DD}.Debug|Any CPU.ActiveCfg = Debug|Any CPU
		{633C0650-AA46-40C6-ABEC-8C15CD3F15DD}.Debug|Any CPU.Build.0 = Debug|Any CPU
		{633C0650-AA46-40C6-ABEC-8C15CD3F15DD}.Release|Any CPU.ActiveCfg = Release|Any CPU
		{633C0650-AA46-40C6-ABEC-8C15CD3F15DD}.Release|Any CPU.Build.0 = Release|Any CPU
		{8C8A806E-94A4-45D8-B5F9-430FCD3C15E2}.Debug|Any CPU.ActiveCfg = Debug|Any CPU
		{8C8A806E-94A4-45D8-B5F9-430FCD3C15E2}.Debug|Any CPU.Build.0 = Debug|Any CPU
		{8C8A806E-94A4-45D8-B5F9-430FCD3C15E2}.Release|Any CPU.ActiveCfg = Release|Any CPU
		{8C8A806E-94A4-45D8-B5F9-430FCD3C15E2}.Release|Any CPU.Build.0 = Release|Any CPU
	EndGlobalSection
	GlobalSection(SolutionProperties) = preSolution
		HideSolutionNode = FALSE
	EndGlobalSection
	GlobalSection(ExtensibilityGlobals) = postSolution
		SolutionGuid = {8772035F-A182-4586-9BDF-2C03F3E58639}
	EndGlobalSection
EndGlobal
