
Microsoft Visual Studio Solution File, Format Version 12.00
# Visual Studio Version 17
VisualStudioVersion = 17.7.34003.232
MinimumVisualStudioVersion = 10.0.40219.1
Project("{FAE04EC0-301F-11D3-BF4B-00C04F79EFBC}") = "PizzaBookingAppServer", "PizzaBookingAppServer\PizzaBookingAppServer.csproj", "{098DB7CD-72F1-4F58-B947-194E995BA291}"
EndProject
Global
	GlobalSection(SolutionConfigurationPlatforms) = preSolution
		Debug|Any CPU = Debug|Any CPU
		Release|Any CPU = Release|Any CPU
	EndGlobalSection
	GlobalSection(ProjectConfigurationPlatforms) = postSolution
		{098DB7CD-72F1-4F58-B947-194E995BA291}.Debug|Any CPU.ActiveCfg = Debug|Any CPU
		{098DB7CD-72F1-4F58-B947-194E995BA291}.Debug|Any CPU.Build.0 = Debug|Any CPU
		{098DB7CD-72F1-4F58-B947-194E995BA291}.Release|Any CPU.ActiveCfg = Release|Any CPU
		{098DB7CD-72F1-4F58-B947-194E995BA291}.Release|Any CPU.Build.0 = Release|Any CPU
	EndGlobalSection
	GlobalSection(SolutionProperties) = preSolution
		HideSolutionNode = FALSE
	EndGlobalSection
	GlobalSection(ExtensibilityGlobals) = postSolution
		SolutionGuid = {8772035F-A182-4586-9BDF-2C03F3E58639}
	EndGlobalSection
EndGlobal
